
Microsoft Visual Studio Solution File, Format Version 12.00
# Visual Studio Express 2012 for Windows Desktop
Project("{FAE04EC0-301F-11D3-BF4B-00C04F79EFBC}") = "MemoryModule", "MemoryModule\MemoryModule.csproj", "{1A539DC3-7624-4D63-8906-AE9560596D3C}"
EndProject
Project("{8BC9CEB8-8B4A-11D0-8D11-00A0C91BC942}") = "SampleDLL", "SampleDLL\SampleDLL.vcxproj", "{475E46BF-5AD7-4721-9067-A18856CB8BF6}"
EndProject
Project("{FAE04EC0-301F-11D3-BF4B-00C04F79EFBC}") = "LoaderSample", "LoaderSample\LoaderSample.csproj", "{4A61B2AB-69B5-4F40-89E9-A4F6288E685B}"
	ProjectSection(ProjectDependencies) = postProject
		{475E46BF-5AD7-4721-9067-A18856CB8BF6} = {475E46BF-5AD7-4721-9067-A18856CB8BF6}
	EndProjectSection
EndProject
Global
	GlobalSection(SolutionConfigurationPlatforms) = preSolution
		Debug|Any CPU = Debug|Any CPU
		Debug|Mixed Platforms = Debug|Mixed Platforms
		Debug|x64 = Debug|x64
		Debug|x86 = Debug|x86
		Release|Any CPU = Release|Any CPU
		Release|Mixed Platforms = Release|Mixed Platforms
		Release|x64 = Release|x64
		Release|x86 = Release|x86
	EndGlobalSection
	GlobalSection(ProjectConfigurationPlatforms) = postSolution
		{1A539DC3-7624-4D63-8906-AE9560596D3C}.Debug|Any CPU.ActiveCfg = Debug|Any CPU
		{1A539DC3-7624-4D63-8906-AE9560596D3C}.Debug|Any CPU.Build.0 = Debug|Any CPU
		{1A539DC3-7624-4D63-8906-AE9560596D3C}.Debug|Mixed Platforms.ActiveCfg = Debug|Any CPU
		{1A539DC3-7624-4D63-8906-AE9560596D3C}.Debug|Mixed Platforms.Build.0 = Debug|Any CPU
		{1A539DC3-7624-4D63-8906-AE9560596D3C}.Debug|x64.ActiveCfg = Debug|Any CPU
		{1A539DC3-7624-4D63-8906-AE9560596D3C}.Debug|x64.Build.0 = Debug|Any CPU
		{1A539DC3-7624-4D63-8906-AE9560596D3C}.Debug|x86.ActiveCfg = Debug|Any CPU
		{1A539DC3-7624-4D63-8906-AE9560596D3C}.Debug|x86.Build.0 = Debug|Any CPU
		{1A539DC3-7624-4D63-8906-AE9560596D3C}.Release|Any CPU.ActiveCfg = Release|Any CPU
		{1A539DC3-7624-4D63-8906-AE9560596D3C}.Release|Any CPU.Build.0 = Release|Any CPU
		{1A539DC3-7624-4D63-8906-AE9560596D3C}.Release|Mixed Platforms.ActiveCfg = Release|Any CPU
		{1A539DC3-7624-4D63-8906-AE9560596D3C}.Release|Mixed Platforms.Build.0 = Release|Any CPU
		{1A539DC3-7624-4D63-8906-AE9560596D3C}.Release|x64.ActiveCfg = Release|Any CPU
		{1A539DC3-7624-4D63-8906-AE9560596D3C}.Release|x86.ActiveCfg = Release|Any CPU
		{475E46BF-5AD7-4721-9067-A18856CB8BF6}.Debug|Any CPU.ActiveCfg = Debug|Win32
		{475E46BF-5AD7-4721-9067-A18856CB8BF6}.Debug|Mixed Platforms.ActiveCfg = Debug|Win32
		{475E46BF-5AD7-4721-9067-A18856CB8BF6}.Debug|Mixed Platforms.Build.0 = Debug|Win32
		{475E46BF-5AD7-4721-9067-A18856CB8BF6}.Debug|x64.ActiveCfg = Debug|x64
		{475E46BF-5AD7-4721-9067-A18856CB8BF6}.Debug|x64.Build.0 = Debug|x64
		{475E46BF-5AD7-4721-9067-A18856CB8BF6}.Debug|x86.ActiveCfg = Debug|Win32
		{475E46BF-5AD7-4721-9067-A18856CB8BF6}.Debug|x86.Build.0 = Debug|Win32
		{475E46BF-5AD7-4721-9067-A18856CB8BF6}.Release|Any CPU.ActiveCfg = Release|Win32
		{475E46BF-5AD7-4721-9067-A18856CB8BF6}.Release|Mixed Platforms.ActiveCfg = Release|Win32
		{475E46BF-5AD7-4721-9067-A18856CB8BF6}.Release|Mixed Platforms.Build.0 = Release|Win32
		{475E46BF-5AD7-4721-9067-A18856CB8BF6}.Release|x64.ActiveCfg = Release|Win32
		{475E46BF-5AD7-4721-9067-A18856CB8BF6}.Release|x86.ActiveCfg = Release|Win32
		{475E46BF-5AD7-4721-9067-A18856CB8BF6}.Release|x86.Build.0 = Release|Win32
		{4A61B2AB-69B5-4F40-89E9-A4F6288E685B}.Debug|Any CPU.ActiveCfg = Debug|Any CPU
		{4A61B2AB-69B5-4F40-89E9-A4F6288E685B}.Debug|Any CPU.Build.0 = Debug|Any CPU
		{4A61B2AB-69B5-4F40-89E9-A4F6288E685B}.Debug|Mixed Platforms.ActiveCfg = Debug|Any CPU
		{4A61B2AB-69B5-4F40-89E9-A4F6288E685B}.Debug|Mixed Platforms.Build.0 = Debug|Any CPU
		{4A61B2AB-69B5-4F40-89E9-A4F6288E685B}.Debug|x64.ActiveCfg = Debug|Any CPU
		{4A61B2AB-69B5-4F40-89E9-A4F6288E685B}.Debug|x86.ActiveCfg = Debug|Any CPU
		{4A61B2AB-69B5-4F40-89E9-A4F6288E685B}.Release|Any CPU.ActiveCfg = Release|Any CPU
		{4A61B2AB-69B5-4F40-89E9-A4F6288E685B}.Release|Any CPU.Build.0 = Release|Any CPU
		{4A61B2AB-69B5-4F40-89E9-A4F6288E685B}.Release|Mixed Platforms.ActiveCfg = Release|Any CPU
		{4A61B2AB-69B5-4F40-89E9-A4F6288E685B}.Release|Mixed Platforms.Build.0 = Release|Any CPU
		{4A61B2AB-69B5-4F40-89E9-A4F6288E685B}.Release|x64.ActiveCfg = Release|Any CPU
		{4A61B2AB-69B5-4F40-89E9-A4F6288E685B}.Release|x86.ActiveCfg = Release|Any CPU
	EndGlobalSection
	GlobalSection(SolutionProperties) = preSolution
		HideSolutionNode = FALSE
	EndGlobalSection
EndGlobal
